{
  "name": "sandbox_mergely",
  "version": "1.0.0",
  "lockfileVersion": 1,
  "requires": true,
  "dependencies": {
    "mergely": {
      "version": "4.0.11",
      "resolved": "https://registry.npmjs.org/mergely/-/mergely-4.0.11.tgz",
      "integrity": "sha512-9q8hhHH9hzH1+m9hmh4tUKI/OYQoTxjyd4MksZVLbl7Z10eNnj44gLxpz3ncD2Hqzmk2TVIcVipj16ov81YpBg==",
      "dev": true
    }
  }
}
